
Microsoft Visual Studio Solution File, Format Version 12.00
# Visual Studio Version 17
VisualStudioVersion = 17.13.35919.96
MinimumVisualStudioVersion = 10.0.40219.1
Project("{FAE04EC0-301F-11D3-BF4B-00C04F79EFBC}") = "DevQuestions.Domain", "src\DevQuestions.Domain\DevQuestions.Domain.csproj", "{D96AE43B-748D-4BD8-A607-DF4C277CE92E}"
EndProject
Project("{2150E333-8FDC-42A3-9474-1A3956D46DE8}") = "src", "src", "{36D591C7-65C7-A0D1-1CBC-10CDE441BDC8}"
EndProject
Project("{FAE04EC0-301F-11D3-BF4B-00C04F79EFBC}") = "DevQuestions.Web", "src\DevQuestions.Web\DevQuestions.Web.csproj", "{BCF24D75-9747-4196-A1BD-7111D7E281A9}"
EndProject
Project("{FAE04EC0-301F-11D3-BF4B-00C04F79EFBC}") = "DevQuestions.Presenters", "src\DevQuestions.Presenters\DevQuestions.Presenters.csproj", "{CE9CC78D-7126-41CA-B43D-73AE552B359E}"
EndProject
Project("{2150E333-8FDC-42A3-9474-1A3956D46DE8}") = "Solution Items", "Solution Items", "{7B3B27B0-41FB-4B13-B377-E9AA619A0A7B}"
	ProjectSection(SolutionItems) = preProject
		Directory.Build.props = Directory.Build.props
		.editorconfig = .editorconfig
	EndProjectSection
EndProject
Project("{FAE04EC0-301F-11D3-BF4B-00C04F79EFBC}") = "DevQuestions.Contracts", "src\DevQuestions.Contracts\DevQuestions.Contracts.csproj", "{8BEB9879-0704-460D-9F6E-A6242BF5F2E3}"
EndProject
Project("{FAE04EC0-301F-11D3-BF4B-00C04F79EFBC}") = "DevQuestions.Application", "src\DevQuestions.Application\DevQuestions.Application.csproj", "{75300C15-549D-48AF-A3A0-637CE09222AC}"
EndProject
Project("{FAE04EC0-301F-11D3-BF4B-00C04F79EFBC}") = "DevQuestions.Infrastructure.Postgres", "src\DevQuestions.Infrastructure.Postgres\DevQuestions.Infrastructure.Postgres.csproj", "{35D024FE-B727-4006-9F41-4CD18FBEB226}"
EndProject
Project("{FAE04EC0-301F-11D3-BF4B-00C04F79EFBC}") = "DevQuestions.Infrastructure.ElasticSearch", "DevQuestions.Infrastructure.ElasticSearch\DevQuestions.Infrastructure.ElasticSearch.csproj", "{C968FAED-C102-4002-896A-8582BD5F9F69}"
EndProject
Project("{FAE04EC0-301F-11D3-BF4B-00C04F79EFBC}") = "DevQuestions.Infrastructure.S3", "DevQuestions.Infrastructure.S3\DevQuestions.Infrastructure.S3.csproj", "{F7F424EA-E279-4456-B72D-F0D409FAFEE6}"
EndProject
Project("{FAE04EC0-301F-11D3-BF4B-00C04F79EFBC}") = "Shared", "src\Shared\Shared.csproj", "{78A14468-B374-4731-B5F6-1EC5AD778495}"
EndProject
Project("{FAE04EC0-301F-11D3-BF4B-00C04F79EFBC}") = "DevQuestions.Infrastructure.Communication", "src\DevQuestions.Infrastructure.Communication\DevQuestions.Infrastructure.Communication.csproj", "{EBBF6108-CF05-4E7B-B0A2-D550C8A5FF38}"
EndProject
Global
	GlobalSection(SolutionConfigurationPlatforms) = preSolution
		Debug|Any CPU = Debug|Any CPU
		Release|Any CPU = Release|Any CPU
	EndGlobalSection
	GlobalSection(ProjectConfigurationPlatforms) = postSolution
		{D96AE43B-748D-4BD8-A607-DF4C277CE92E}.Debug|Any CPU.ActiveCfg = Debug|Any CPU
		{D96AE43B-748D-4BD8-A607-DF4C277CE92E}.Debug|Any CPU.Build.0 = Debug|Any CPU
		{D96AE43B-748D-4BD8-A607-DF4C277CE92E}.Release|Any CPU.ActiveCfg = Release|Any CPU
		{D96AE43B-748D-4BD8-A607-DF4C277CE92E}.Release|Any CPU.Build.0 = Release|Any CPU
		{BCF24D75-9747-4196-A1BD-7111D7E281A9}.Debug|Any CPU.ActiveCfg = Debug|Any CPU
		{BCF24D75-9747-4196-A1BD-7111D7E281A9}.Debug|Any CPU.Build.0 = Debug|Any CPU
		{BCF24D75-9747-4196-A1BD-7111D7E281A9}.Release|Any CPU.ActiveCfg = Release|Any CPU
		{BCF24D75-9747-4196-A1BD-7111D7E281A9}.Release|Any CPU.Build.0 = Release|Any CPU
		{CE9CC78D-7126-41CA-B43D-73AE552B359E}.Debug|Any CPU.ActiveCfg = Debug|Any CPU
		{CE9CC78D-7126-41CA-B43D-73AE552B359E}.Debug|Any CPU.Build.0 = Debug|Any CPU
		{CE9CC78D-7126-41CA-B43D-73AE552B359E}.Release|Any CPU.ActiveCfg = Release|Any CPU
		{CE9CC78D-7126-41CA-B43D-73AE552B359E}.Release|Any CPU.Build.0 = Release|Any CPU
		{8BEB9879-0704-460D-9F6E-A6242BF5F2E3}.Debug|Any CPU.ActiveCfg = Debug|Any CPU
		{8BEB9879-0704-460D-9F6E-A6242BF5F2E3}.Debug|Any CPU.Build.0 = Debug|Any CPU
		{8BEB9879-0704-460D-9F6E-A6242BF5F2E3}.Release|Any CPU.ActiveCfg = Release|Any CPU
		{8BEB9879-0704-460D-9F6E-A6242BF5F2E3}.Release|Any CPU.Build.0 = Release|Any CPU
		{75300C15-549D-48AF-A3A0-637CE09222AC}.Debug|Any CPU.ActiveCfg = Debug|Any CPU
		{75300C15-549D-48AF-A3A0-637CE09222AC}.Debug|Any CPU.Build.0 = Debug|Any CPU
		{75300C15-549D-48AF-A3A0-637CE09222AC}.Release|Any CPU.ActiveCfg = Release|Any CPU
		{75300C15-549D-48AF-A3A0-637CE09222AC}.Release|Any CPU.Build.0 = Release|Any CPU
		{35D024FE-B727-4006-9F41-4CD18FBEB226}.Debug|Any CPU.ActiveCfg = Debug|Any CPU
		{35D024FE-B727-4006-9F41-4CD18FBEB226}.Debug|Any CPU.Build.0 = Debug|Any CPU
		{35D024FE-B727-4006-9F41-4CD18FBEB226}.Release|Any CPU.ActiveCfg = Release|Any CPU
		{35D024FE-B727-4006-9F41-4CD18FBEB226}.Release|Any CPU.Build.0 = Release|Any CPU
		{C968FAED-C102-4002-896A-8582BD5F9F69}.Debug|Any CPU.ActiveCfg = Debug|Any CPU
		{C968FAED-C102-4002-896A-8582BD5F9F69}.Debug|Any CPU.Build.0 = Debug|Any CPU
		{C968FAED-C102-4002-896A-8582BD5F9F69}.Release|Any CPU.ActiveCfg = Release|Any CPU
		{C968FAED-C102-4002-896A-8582BD5F9F69}.Release|Any CPU.Build.0 = Release|Any CPU
		{F7F424EA-E279-4456-B72D-F0D409FAFEE6}.Debug|Any CPU.ActiveCfg = Debug|Any CPU
		{F7F424EA-E279-4456-B72D-F0D409FAFEE6}.Debug|Any CPU.Build.0 = Debug|Any CPU
		{F7F424EA-E279-4456-B72D-F0D409FAFEE6}.Release|Any CPU.ActiveCfg = Release|Any CPU
		{F7F424EA-E279-4456-B72D-F0D409FAFEE6}.Release|Any CPU.Build.0 = Release|Any CPU
		{78A14468-B374-4731-B5F6-1EC5AD778495}.Debug|Any CPU.ActiveCfg = Debug|Any CPU
		{78A14468-B374-4731-B5F6-1EC5AD778495}.Debug|Any CPU.Build.0 = Debug|Any CPU
		{78A14468-B374-4731-B5F6-1EC5AD778495}.Release|Any CPU.ActiveCfg = Release|Any CPU
		{78A14468-B374-4731-B5F6-1EC5AD778495}.Release|Any CPU.Build.0 = Release|Any CPU
		{EBBF6108-CF05-4E7B-B0A2-D550C8A5FF38}.Debug|Any CPU.ActiveCfg = Debug|Any CPU
		{EBBF6108-CF05-4E7B-B0A2-D550C8A5FF38}.Debug|Any CPU.Build.0 = Debug|Any CPU
		{EBBF6108-CF05-4E7B-B0A2-D550C8A5FF38}.Release|Any CPU.ActiveCfg = Release|Any CPU
		{EBBF6108-CF05-4E7B-B0A2-D550C8A5FF38}.Release|Any CPU.Build.0 = Release|Any CPU
	EndGlobalSection
	GlobalSection(SolutionProperties) = preSolution
		HideSolutionNode = FALSE
	EndGlobalSection
	GlobalSection(NestedProjects) = preSolution
		{D96AE43B-748D-4BD8-A607-DF4C277CE92E} = {36D591C7-65C7-A0D1-1CBC-10CDE441BDC8}
		{BCF24D75-9747-4196-A1BD-7111D7E281A9} = {36D591C7-65C7-A0D1-1CBC-10CDE441BDC8}
		{CE9CC78D-7126-41CA-B43D-73AE552B359E} = {36D591C7-65C7-A0D1-1CBC-10CDE441BDC8}
		{8BEB9879-0704-460D-9F6E-A6242BF5F2E3} = {36D591C7-65C7-A0D1-1CBC-10CDE441BDC8}
		{75300C15-549D-48AF-A3A0-637CE09222AC} = {36D591C7-65C7-A0D1-1CBC-10CDE441BDC8}
		{35D024FE-B727-4006-9F41-4CD18FBEB226} = {36D591C7-65C7-A0D1-1CBC-10CDE441BDC8}
		{C968FAED-C102-4002-896A-8582BD5F9F69} = {36D591C7-65C7-A0D1-1CBC-10CDE441BDC8}
		{F7F424EA-E279-4456-B72D-F0D409FAFEE6} = {36D591C7-65C7-A0D1-1CBC-10CDE441BDC8}
		{78A14468-B374-4731-B5F6-1EC5AD778495} = {36D591C7-65C7-A0D1-1CBC-10CDE441BDC8}
		{EBBF6108-CF05-4E7B-B0A2-D550C8A5FF38} = {36D591C7-65C7-A0D1-1CBC-10CDE441BDC8}
	EndGlobalSection
	GlobalSection(ExtensibilityGlobals) = postSolution
		SolutionGuid = {4173EABF-85C1-436E-86A1-AA26E1FCA2B8}
	EndGlobalSection
EndGlobal
