
Microsoft Visual Studio Solution File, Format Version 12.00
# Visual Studio Version 17
VisualStudioVersion = 17.13.35919.96
MinimumVisualStudioVersion = 10.0.40219.1
Project("{FAE04EC0-301F-11D3-BF4B-00C04F79EFBC}") = "DevQuestions.Domain", "src\DevQuestions.Domain\DevQuestions.Domain.csproj", "{D96AE43B-748D-4BD8-A607-DF4C277CE92E}"
EndProject
Project("{2150E333-8FDC-42A3-9474-1A3956D46DE8}") = "src", "src", "{36D591C7-65C7-A0D1-1CBC-10CDE441BDC8}"
EndProject
Project("{2150E333-8FDC-42A3-9474-1A3956D46DE8}") = "Solution Items", "Solution Items", "{7B3B27B0-41FB-4B13-B377-E9AA619A0A7B}"
	ProjectSection(SolutionItems) = preProject
		Directory.Build.props = Directory.Build.props
		.editorconfig = .editorconfig
	EndProjectSection
EndProject
Project("{FAE04EC0-301F-11D3-BF4B-00C04F79EFBC}") = "DevQuestions.Application", "src\DevQuestions.Application\DevQuestions.Application.csproj", "{75300C15-549D-48AF-A3A0-637CE09222AC}"
EndProject
Project("{FAE04EC0-301F-11D3-BF4B-00C04F79EFBC}") = "DevQuestions.Infrastructure.Postgres", "src\DevQuestions.Infrastructure.Postgres\DevQuestions.Infrastructure.Postgres.csproj", "{35D024FE-B727-4006-9F41-4CD18FBEB226}"
EndProject
Project("{FAE04EC0-301F-11D3-BF4B-00C04F79EFBC}") = "DevQuestions.Infrastructure.Communication", "src\DevQuestions.Infrastructure.Communication\DevQuestions.Infrastructure.Communication.csproj", "{EBBF6108-CF05-4E7B-B0A2-D550C8A5FF38}"
EndProject
Project("{2150E333-8FDC-42A3-9474-1A3956D46DE8}") = "Questions", "Questions", "{2C4D20BE-5EE3-4022-AFA9-AFC6C5C7BCB9}"
EndProject
Project("{2150E333-8FDC-42A3-9474-1A3956D46DE8}") = "Tags", "Tags", "{8932AF35-2CDB-470E-B3D8-25888CD1FAA5}"
EndProject
Project("{FAE04EC0-301F-11D3-BF4B-00C04F79EFBC}") = "Questions.Domain", "src\Questions\Questions.Domain\Questions.Domain.csproj", "{D3E77E30-73A1-460D-8222-42EF13487B7B}"
EndProject
Project("{FAE04EC0-301F-11D3-BF4B-00C04F79EFBC}") = "Questions.Application", "src\Questions\Questions.Application\Questions.Application.csproj", "{B8AED3CE-F0EC-4F6E-9EC4-3958E4764529}"
EndProject
Project("{FAE04EC0-301F-11D3-BF4B-00C04F79EFBC}") = "Questions.Presenters", "src\Questions\Questions.Presenters\Questions.Presenters.csproj", "{545DA676-36CA-4CE0-A2EB-D5C512299BC5}"
EndProject
Project("{FAE04EC0-301F-11D3-BF4B-00C04F79EFBC}") = "Questions.Infrastructure.Postgres", "src\Questions\Questions.Infrastructure.Postgres\Questions.Infrastructure.Postgres.csproj", "{AFA7F622-03AE-4F43-8064-67E644E05CB0}"
EndProject
Project("{FAE04EC0-301F-11D3-BF4B-00C04F79EFBC}") = "Questions.Contracts", "src\Questions\Questions.Contracts\Questions.Contracts.csproj", "{03948876-9D36-482A-B065-C9A356C0D6EE}"
EndProject
Project("{FAE04EC0-301F-11D3-BF4B-00C04F79EFBC}") = "Web", "src\web\Web\Web.csproj", "{144352B4-937C-4928-866D-633630D09726}"
EndProject
Project("{2150E333-8FDC-42A3-9474-1A3956D46DE8}") = "Comments", "Comments", "{7B79D7F8-BDB1-4B87-8427-341393FEF314}"
EndProject
Project("{2150E333-8FDC-42A3-9474-1A3956D46DE8}") = "Core", "Core", "{E4F96491-A659-4927-8D31-42B906951B4E}"
EndProject
Project("{2150E333-8FDC-42A3-9474-1A3956D46DE8}") = "Reports", "Reports", "{AAD378DE-E98C-4EC3-BC1F-0CF80F208630}"
EndProject
Project("{FAE04EC0-301F-11D3-BF4B-00C04F79EFBC}") = "Shared", "src\core\Shared\Shared.csproj", "{4321CCAC-8DB2-46AD-890C-FC6C22570C74}"
EndProject
Project("{2150E333-8FDC-42A3-9474-1A3956D46DE8}") = "Infrastructure", "Infrastructure", "{4F25E9E9-5D7B-4ABD-B2B2-B5CD940EB75A}"
EndProject
Project("{FAE04EC0-301F-11D3-BF4B-00C04F79EFBC}") = "Infrastructure.S3", "src\Core\Infrastructure\Infrastructure.S3\Infrastructure.S3.csproj", "{867567DD-2C12-4560-9A2F-B88659AC54F1}"
EndProject
Project("{FAE04EC0-301F-11D3-BF4B-00C04F79EFBC}") = "Infrastracture.ElasticSearch", "src\Core\Infrastructure\Infrastracture.ElasticSearch\Infrastracture.ElasticSearch.csproj", "{C709388B-832C-4407-84C9-014FD8EDB15D}"
EndProject
Project("{FAE04EC0-301F-11D3-BF4B-00C04F79EFBC}") = "Tags", "src\tags\Tags\Tags.csproj", "{0EA44705-A4F6-4721-8791-2B133F895E4D}"
EndProject
Global
	GlobalSection(SolutionConfigurationPlatforms) = preSolution
		Debug|Any CPU = Debug|Any CPU
		Release|Any CPU = Release|Any CPU
	EndGlobalSection
	GlobalSection(ProjectConfigurationPlatforms) = postSolution
		{D96AE43B-748D-4BD8-A607-DF4C277CE92E}.Debug|Any CPU.ActiveCfg = Debug|Any CPU
		{D96AE43B-748D-4BD8-A607-DF4C277CE92E}.Debug|Any CPU.Build.0 = Debug|Any CPU
		{D96AE43B-748D-4BD8-A607-DF4C277CE92E}.Release|Any CPU.ActiveCfg = Release|Any CPU
		{D96AE43B-748D-4BD8-A607-DF4C277CE92E}.Release|Any CPU.Build.0 = Release|Any CPU
		{75300C15-549D-48AF-A3A0-637CE09222AC}.Debug|Any CPU.ActiveCfg = Debug|Any CPU
		{75300C15-549D-48AF-A3A0-637CE09222AC}.Debug|Any CPU.Build.0 = Debug|Any CPU
		{75300C15-549D-48AF-A3A0-637CE09222AC}.Release|Any CPU.ActiveCfg = Release|Any CPU
		{75300C15-549D-48AF-A3A0-637CE09222AC}.Release|Any CPU.Build.0 = Release|Any CPU
		{35D024FE-B727-4006-9F41-4CD18FBEB226}.Debug|Any CPU.ActiveCfg = Debug|Any CPU
		{35D024FE-B727-4006-9F41-4CD18FBEB226}.Debug|Any CPU.Build.0 = Debug|Any CPU
		{35D024FE-B727-4006-9F41-4CD18FBEB226}.Release|Any CPU.ActiveCfg = Release|Any CPU
		{35D024FE-B727-4006-9F41-4CD18FBEB226}.Release|Any CPU.Build.0 = Release|Any CPU
		{EBBF6108-CF05-4E7B-B0A2-D550C8A5FF38}.Debug|Any CPU.ActiveCfg = Debug|Any CPU
		{EBBF6108-CF05-4E7B-B0A2-D550C8A5FF38}.Debug|Any CPU.Build.0 = Debug|Any CPU
		{EBBF6108-CF05-4E7B-B0A2-D550C8A5FF38}.Release|Any CPU.ActiveCfg = Release|Any CPU
		{EBBF6108-CF05-4E7B-B0A2-D550C8A5FF38}.Release|Any CPU.Build.0 = Release|Any CPU
		{D3E77E30-73A1-460D-8222-42EF13487B7B}.Debug|Any CPU.ActiveCfg = Debug|Any CPU
		{D3E77E30-73A1-460D-8222-42EF13487B7B}.Debug|Any CPU.Build.0 = Debug|Any CPU
		{D3E77E30-73A1-460D-8222-42EF13487B7B}.Release|Any CPU.ActiveCfg = Release|Any CPU
		{D3E77E30-73A1-460D-8222-42EF13487B7B}.Release|Any CPU.Build.0 = Release|Any CPU
		{B8AED3CE-F0EC-4F6E-9EC4-3958E4764529}.Debug|Any CPU.ActiveCfg = Debug|Any CPU
		{B8AED3CE-F0EC-4F6E-9EC4-3958E4764529}.Debug|Any CPU.Build.0 = Debug|Any CPU
		{B8AED3CE-F0EC-4F6E-9EC4-3958E4764529}.Release|Any CPU.ActiveCfg = Release|Any CPU
		{B8AED3CE-F0EC-4F6E-9EC4-3958E4764529}.Release|Any CPU.Build.0 = Release|Any CPU
		{545DA676-36CA-4CE0-A2EB-D5C512299BC5}.Debug|Any CPU.ActiveCfg = Debug|Any CPU
		{545DA676-36CA-4CE0-A2EB-D5C512299BC5}.Debug|Any CPU.Build.0 = Debug|Any CPU
		{545DA676-36CA-4CE0-A2EB-D5C512299BC5}.Release|Any CPU.ActiveCfg = Release|Any CPU
		{545DA676-36CA-4CE0-A2EB-D5C512299BC5}.Release|Any CPU.Build.0 = Release|Any CPU
		{AFA7F622-03AE-4F43-8064-67E644E05CB0}.Debug|Any CPU.ActiveCfg = Debug|Any CPU
		{AFA7F622-03AE-4F43-8064-67E644E05CB0}.Debug|Any CPU.Build.0 = Debug|Any CPU
		{AFA7F622-03AE-4F43-8064-67E644E05CB0}.Release|Any CPU.ActiveCfg = Release|Any CPU
		{AFA7F622-03AE-4F43-8064-67E644E05CB0}.Release|Any CPU.Build.0 = Release|Any CPU
		{03948876-9D36-482A-B065-C9A356C0D6EE}.Debug|Any CPU.ActiveCfg = Debug|Any CPU
		{03948876-9D36-482A-B065-C9A356C0D6EE}.Debug|Any CPU.Build.0 = Debug|Any CPU
		{03948876-9D36-482A-B065-C9A356C0D6EE}.Release|Any CPU.ActiveCfg = Release|Any CPU
		{03948876-9D36-482A-B065-C9A356C0D6EE}.Release|Any CPU.Build.0 = Release|Any CPU
		{144352B4-937C-4928-866D-633630D09726}.Debug|Any CPU.ActiveCfg = Debug|Any CPU
		{144352B4-937C-4928-866D-633630D09726}.Debug|Any CPU.Build.0 = Debug|Any CPU
		{144352B4-937C-4928-866D-633630D09726}.Release|Any CPU.ActiveCfg = Release|Any CPU
		{144352B4-937C-4928-866D-633630D09726}.Release|Any CPU.Build.0 = Release|Any CPU
		{4321CCAC-8DB2-46AD-890C-FC6C22570C74}.Debug|Any CPU.ActiveCfg = Debug|Any CPU
		{4321CCAC-8DB2-46AD-890C-FC6C22570C74}.Debug|Any CPU.Build.0 = Debug|Any CPU
		{4321CCAC-8DB2-46AD-890C-FC6C22570C74}.Release|Any CPU.ActiveCfg = Release|Any CPU
		{4321CCAC-8DB2-46AD-890C-FC6C22570C74}.Release|Any CPU.Build.0 = Release|Any CPU
		{867567DD-2C12-4560-9A2F-B88659AC54F1}.Debug|Any CPU.ActiveCfg = Debug|Any CPU
		{867567DD-2C12-4560-9A2F-B88659AC54F1}.Debug|Any CPU.Build.0 = Debug|Any CPU
		{867567DD-2C12-4560-9A2F-B88659AC54F1}.Release|Any CPU.ActiveCfg = Release|Any CPU
		{867567DD-2C12-4560-9A2F-B88659AC54F1}.Release|Any CPU.Build.0 = Release|Any CPU
		{C709388B-832C-4407-84C9-014FD8EDB15D}.Debug|Any CPU.ActiveCfg = Debug|Any CPU
		{C709388B-832C-4407-84C9-014FD8EDB15D}.Debug|Any CPU.Build.0 = Debug|Any CPU
		{C709388B-832C-4407-84C9-014FD8EDB15D}.Release|Any CPU.ActiveCfg = Release|Any CPU
		{C709388B-832C-4407-84C9-014FD8EDB15D}.Release|Any CPU.Build.0 = Release|Any CPU
		{0EA44705-A4F6-4721-8791-2B133F895E4D}.Debug|Any CPU.ActiveCfg = Debug|Any CPU
		{0EA44705-A4F6-4721-8791-2B133F895E4D}.Debug|Any CPU.Build.0 = Debug|Any CPU
		{0EA44705-A4F6-4721-8791-2B133F895E4D}.Release|Any CPU.ActiveCfg = Release|Any CPU
		{0EA44705-A4F6-4721-8791-2B133F895E4D}.Release|Any CPU.Build.0 = Release|Any CPU
	EndGlobalSection
	GlobalSection(SolutionProperties) = preSolution
		HideSolutionNode = FALSE
	EndGlobalSection
	GlobalSection(NestedProjects) = preSolution
		{D96AE43B-748D-4BD8-A607-DF4C277CE92E} = {36D591C7-65C7-A0D1-1CBC-10CDE441BDC8}
		{75300C15-549D-48AF-A3A0-637CE09222AC} = {36D591C7-65C7-A0D1-1CBC-10CDE441BDC8}
		{35D024FE-B727-4006-9F41-4CD18FBEB226} = {36D591C7-65C7-A0D1-1CBC-10CDE441BDC8}
		{EBBF6108-CF05-4E7B-B0A2-D550C8A5FF38} = {36D591C7-65C7-A0D1-1CBC-10CDE441BDC8}
		{2C4D20BE-5EE3-4022-AFA9-AFC6C5C7BCB9} = {36D591C7-65C7-A0D1-1CBC-10CDE441BDC8}
		{8932AF35-2CDB-470E-B3D8-25888CD1FAA5} = {36D591C7-65C7-A0D1-1CBC-10CDE441BDC8}
		{D3E77E30-73A1-460D-8222-42EF13487B7B} = {2C4D20BE-5EE3-4022-AFA9-AFC6C5C7BCB9}
		{B8AED3CE-F0EC-4F6E-9EC4-3958E4764529} = {2C4D20BE-5EE3-4022-AFA9-AFC6C5C7BCB9}
		{545DA676-36CA-4CE0-A2EB-D5C512299BC5} = {2C4D20BE-5EE3-4022-AFA9-AFC6C5C7BCB9}
		{AFA7F622-03AE-4F43-8064-67E644E05CB0} = {2C4D20BE-5EE3-4022-AFA9-AFC6C5C7BCB9}
		{03948876-9D36-482A-B065-C9A356C0D6EE} = {2C4D20BE-5EE3-4022-AFA9-AFC6C5C7BCB9}
		{144352B4-937C-4928-866D-633630D09726} = {36D591C7-65C7-A0D1-1CBC-10CDE441BDC8}
		{7B79D7F8-BDB1-4B87-8427-341393FEF314} = {36D591C7-65C7-A0D1-1CBC-10CDE441BDC8}
		{E4F96491-A659-4927-8D31-42B906951B4E} = {36D591C7-65C7-A0D1-1CBC-10CDE441BDC8}
		{AAD378DE-E98C-4EC3-BC1F-0CF80F208630} = {36D591C7-65C7-A0D1-1CBC-10CDE441BDC8}
		{4321CCAC-8DB2-46AD-890C-FC6C22570C74} = {E4F96491-A659-4927-8D31-42B906951B4E}
		{4F25E9E9-5D7B-4ABD-B2B2-B5CD940EB75A} = {E4F96491-A659-4927-8D31-42B906951B4E}
		{867567DD-2C12-4560-9A2F-B88659AC54F1} = {4F25E9E9-5D7B-4ABD-B2B2-B5CD940EB75A}
		{C709388B-832C-4407-84C9-014FD8EDB15D} = {4F25E9E9-5D7B-4ABD-B2B2-B5CD940EB75A}
		{0EA44705-A4F6-4721-8791-2B133F895E4D} = {8932AF35-2CDB-470E-B3D8-25888CD1FAA5}
	EndGlobalSection
	GlobalSection(ExtensibilityGlobals) = postSolution
		SolutionGuid = {4173EABF-85C1-436E-86A1-AA26E1FCA2B8}
	EndGlobalSection
EndGlobal
